<?xml version="1.0" encoding="utf-8"?>
<Project ToolsVersion="4.0" xmlns="http://schemas.microsoft.com/developer/msbuild/2003">
  <ItemGroup>
    <ClCompile Include="Card.cpp">
      <Filter>source</Filter>
    </ClCompile>
    <ClCompile Include="Memshare.cpp">
      <Filter>source</Filter>
    </ClCompile>
    <ClCompile Include="rpipe.cpp">
      <Filter>source</Filter>
    </ClCompile>
    <ClCompile Include="solverMgr.cpp">
      <Filter>source</Filter>
    </ClCompile>
    <ClCompile Include="net.cpp">
      <Filter>source</Filter>
    </ClCompile>
  </ItemGroup>
  <ItemGroup>
    <ClInclude Include="buffer.h">
      <Filter>header</Filter>
    </ClInclude>
    <ClInclude Include="Card.h">
      <Filter>header</Filter>
    </ClInclude>
    <ClInclude Include="global.h">
      <Filter>header</Filter>
    </ClInclude>
    <ClInclude Include="json.hpp">
      <Filter>source</Filter>
    </ClInclude>
    <ClInclude Include="memshare.h">
      <Filter>header</Filter>
    </ClInclude>
    <ClInclude Include="net.h">
      <Filter>header</Filter>
    </ClInclude>
    <ClInclude Include="rpipe.h">
      <Filter>header</Filter>
    </ClInclude>
  </ItemGroup>
  <ItemGroup>
    <Filter Include="header">
      <UniqueIdentifier>{57edf59d-33b9-4262-8b8f-2af22d80a3ca}</UniqueIdentifier>
    </Filter>
    <Filter Include="source">
      <UniqueIdentifier>{32a021d7-4d62-42f6-b788-9b16284a8952}</UniqueIdentifier>
    </Filter>
  </ItemGroup>
</Project>